// !$*UTF8*$!
{
	archiveVersion = 1;
	classes = {
	};
	objectVersion = 50;
	objects = {

/* Begin PBXBuildFile section */
		CD028040230DFFE000860E58 /* Ray.swift in Sources */ = {isa = PBXBuildFile; fileRef = CD02803F230DFFE000860E58 /* Ray.swift */; };
		CD743DEE2331924400A20B23 /* Hitable.swift in Sources */ = {isa = PBXBuildFile; fileRef = CD743DED2331924400A20B23 /* Hitable.swift */; };
		CD743DF02331931900A20B23 /* Sphere.swift in Sources */ = {isa = PBXBuildFile; fileRef = CD743DEF2331931900A20B23 /* Sphere.swift */; };
		CD743DF22331962E00A20B23 /* Hitlist.swift in Sources */ = {isa = PBXBuildFile; fileRef = CD743DF12331962E00A20B23 /* Hitlist.swift */; };
		CDF5C9FA230CA0C2008952E8 /* AppDelegate.swift in Sources */ = {isa = PBXBuildFile; fileRef = CDF5C9F9230CA0C2008952E8 /* AppDelegate.swift */; };
		CDF5C9FC230CA0C2008952E8 /* ViewController.swift in Sources */ = {isa = PBXBuildFile; fileRef = CDF5C9FB230CA0C2008952E8 /* ViewController.swift */; };
		CDF5C9FF230CA0C2008952E8 /* Main.storyboard in Resources */ = {isa = PBXBuildFile; fileRef = CDF5C9FD230CA0C2008952E8 /* Main.storyboard */; };
		CDF5CA01230CA0C4008952E8 /* Assets.xcassets in Resources */ = {isa = PBXBuildFile; fileRef = CDF5CA00230CA0C4008952E8 /* Assets.xcassets */; };
		CDF5CA04230CA0C4008952E8 /* LaunchScreen.storyboard in Resources */ = {isa = PBXBuildFile; fileRef = CDF5CA02230CA0C4008952E8 /* LaunchScreen.storyboard */; };
		CDF5CA0F230CA0C4008952E8 /* raytracing_expTests.swift in Sources */ = {isa = PBXBuildFile; fileRef = CDF5CA0E230CA0C4008952E8 /* raytracing_expTests.swift */; };
		CDF5CA1A230CA0C4008952E8 /* raytracing_expUITests.swift in Sources */ = {isa = PBXBuildFile; fileRef = CDF5CA19230CA0C4008952E8 /* raytracing_expUITests.swift */; };
		CDF5CA28230CA39B008952E8 /* PixelData.swift in Sources */ = {isa = PBXBuildFile; fileRef = CDF5CA27230CA39B008952E8 /* PixelData.swift */; };
/* End PBXBuildFile section */

/* Begin PBXContainerItemProxy section */
		CDF5CA0B230CA0C4008952E8 /* PBXContainerItemProxy */ = {
			isa = PBXContainerItemProxy;
			containerPortal = CDF5C9EE230CA0C2008952E8 /* Project object */;
			proxyType = 1;
			remoteGlobalIDString = CDF5C9F5230CA0C2008952E8;
			remoteInfo = raytracing_exp;
		};
		CDF5CA16230CA0C4008952E8 /* PBXContainerItemProxy */ = {
			isa = PBXContainerItemProxy;
			containerPortal = CDF5C9EE230CA0C2008952E8 /* Project object */;
			proxyType = 1;
			remoteGlobalIDString = CDF5C9F5230CA0C2008952E8;
			remoteInfo = raytracing_exp;
		};
/* End PBXContainerItemProxy section */

/* Begin PBXFileReference section */
		CD02803F230DFFE000860E58 /* Ray.swift */ = {isa = PBXFileReference; lastKnownFileType = sourcecode.swift; path = Ray.swift; sourceTree = "<group>"; };
		CD743DED2331924400A20B23 /* Hitable.swift */ = {isa = PBXFileReference; lastKnownFileType = sourcecode.swift; path = Hitable.swift; sourceTree = "<group>"; };
		CD743DEF2331931900A20B23 /* Sphere.swift */ = {isa = PBXFileReference; lastKnownFileType = sourcecode.swift; path = Sphere.swift; sourceTree = "<group>"; };
		CD743DF12331962E00A20B23 /* Hitlist.swift */ = {isa = PBXFileReference; lastKnownFileType = sourcecode.swift; path = Hitlist.swift; sourceTree = "<group>"; };
		CDF5C9F6230CA0C2008952E8 /* raytracing_exp.app */ = {isa = PBXFileReference; explicitFileType = wrapper.application; includeInIndex = 0; path = raytracing_exp.app; sourceTree = BUILT_PRODUCTS_DIR; };
		CDF5C9F9230CA0C2008952E8 /* AppDelegate.swift */ = {isa = PBXFileReference; lastKnownFileType = sourcecode.swift; path = AppDelegate.swift; sourceTree = "<group>"; };
		CDF5C9FB230CA0C2008952E8 /* ViewController.swift */ = {isa = PBXFileReference; lastKnownFileType = sourcecode.swift; path = ViewController.swift; sourceTree = "<group>"; };
		CDF5C9FE230CA0C2008952E8 /* Base */ = {isa = PBXFileReference; lastKnownFileType = file.storyboard; name = Base; path = Base.lproj/Main.storyboard; sourceTree = "<group>"; };
		CDF5CA00230CA0C4008952E8 /* Assets.xcassets */ = {isa = PBXFileReference; lastKnownFileType = folder.assetcatalog; path = Assets.xcassets; sourceTree = "<group>"; };
		CDF5CA03230CA0C4008952E8 /* Base */ = {isa = PBXFileReference; lastKnownFileType = file.storyboard; name = Base; path = Base.lproj/LaunchScreen.storyboard; sourceTree = "<group>"; };
		CDF5CA05230CA0C4008952E8 /* Info.plist */ = {isa = PBXFileReference; lastKnownFileType = text.plist.xml; path = Info.plist; sourceTree = "<group>"; };
		CDF5CA0A230CA0C4008952E8 /* raytracing_expTests.xctest */ = {isa = PBXFileReference; explicitFileType = wrapper.cfbundle; includeInIndex = 0; path = raytracing_expTests.xctest; sourceTree = BUILT_PRODUCTS_DIR; };
		CDF5CA0E230CA0C4008952E8 /* raytracing_expTests.swift */ = {isa = PBXFileReference; lastKnownFileType = sourcecode.swift; path = raytracing_expTests.swift; sourceTree = "<group>"; };
		CDF5CA10230CA0C4008952E8 /* Info.plist */ = {isa = PBXFileReference; lastKnownFileType = text.plist.xml; path = Info.plist; sourceTree = "<group>"; };
		CDF5CA15230CA0C4008952E8 /* raytracing_expUITests.xctest */ = {isa = PBXFileReference; explicitFileType = wrapper.cfbundle; includeInIndex = 0; path = raytracing_expUITests.xctest; sourceTree = BUILT_PRODUCTS_DIR; };
		CDF5CA19230CA0C4008952E8 /* raytracing_expUITests.swift */ = {isa = PBXFileReference; lastKnownFileType = sourcecode.swift; path = raytracing_expUITests.swift; sourceTree = "<group>"; };
		CDF5CA1B230CA0C4008952E8 /* Info.plist */ = {isa = PBXFileReference; lastKnownFileType = text.plist.xml; path = Info.plist; sourceTree = "<group>"; };
		CDF5CA27230CA39B008952E8 /* PixelData.swift */ = {isa = PBXFileReference; lastKnownFileType = sourcecode.swift; path = PixelData.swift; sourceTree = "<group>"; };
/* End PBXFileReference section */

/* Begin PBXFrameworksBuildPhase section */
		CDF5C9F3230CA0C2008952E8 /* Frameworks */ = {
			isa = PBXFrameworksBuildPhase;
			buildActionMask = 2147483647;
			files = (
			);
			runOnlyForDeploymentPostprocessing = 0;
		};
		CDF5CA07230CA0C4008952E8 /* Frameworks */ = {
			isa = PBXFrameworksBuildPhase;
			buildActionMask = 2147483647;
			files = (
			);
			runOnlyForDeploymentPostprocessing = 0;
		};
		CDF5CA12230CA0C4008952E8 /* Frameworks */ = {
			isa = PBXFrameworksBuildPhase;
			buildActionMask = 2147483647;
			files = (
			);
			runOnlyForDeploymentPostprocessing = 0;
		};
/* End PBXFrameworksBuildPhase section */

/* Begin PBXGroup section */
		CDF5C9ED230CA0C2008952E8 = {
			isa = PBXGroup;
			children = (
				CDF5C9F8230CA0C2008952E8 /* raytracing_exp */,
				CDF5CA0D230CA0C4008952E8 /* raytracing_expTests */,
				CDF5CA18230CA0C4008952E8 /* raytracing_expUITests */,
				CDF5C9F7230CA0C2008952E8 /* Products */,
			);
			sourceTree = "<group>";
		};
		CDF5C9F7230CA0C2008952E8 /* Products */ = {
			isa = PBXGroup;
			children = (
				CDF5C9F6230CA0C2008952E8 /* raytracing_exp.app */,
				CDF5CA0A230CA0C4008952E8 /* raytracing_expTests.xctest */,
				CDF5CA15230CA0C4008952E8 /* raytracing_expUITests.xctest */,
			);
			name = Products;
			sourceTree = "<group>";
		};
		CDF5C9F8230CA0C2008952E8 /* raytracing_exp */ = {
			isa = PBXGroup;
			children = (
				CDF5C9F9230CA0C2008952E8 /* AppDelegate.swift */,
				CDF5C9FB230CA0C2008952E8 /* ViewController.swift */,
				CDF5C9FD230CA0C2008952E8 /* Main.storyboard */,
				CDF5CA00230CA0C4008952E8 /* Assets.xcassets */,
				CDF5CA02230CA0C4008952E8 /* LaunchScreen.storyboard */,
				CDF5CA05230CA0C4008952E8 /* Info.plist */,
				CDF5CA27230CA39B008952E8 /* PixelData.swift */,
				CD02803F230DFFE000860E58 /* Ray.swift */,
				CD743DED2331924400A20B23 /* Hitable.swift */,
				CD743DEF2331931900A20B23 /* Sphere.swift */,
				CD743DF12331962E00A20B23 /* Hitlist.swift */,
			);
			path = raytracing_exp;
			sourceTree = "<group>";
		};
		CDF5CA0D230CA0C4008952E8 /* raytracing_expTests */ = {
			isa = PBXGroup;
			children = (
				CDF5CA0E230CA0C4008952E8 /* raytracing_expTests.swift */,
				CDF5CA10230CA0C4008952E8 /* Info.plist */,
			);
			path = raytracing_expTests;
			sourceTree = "<group>";
		};
		CDF5CA18230CA0C4008952E8 /* raytracing_expUITests */ = {
			isa = PBXGroup;
			children = (
				CDF5CA19230CA0C4008952E8 /* raytracing_expUITests.swift */,
				CDF5CA1B230CA0C4008952E8 /* Info.plist */,
			);
			path = raytracing_expUITests;
			sourceTree = "<group>";
		};
/* End PBXGroup section */

/* Begin PBXNativeTarget section */
		CDF5C9F5230CA0C2008952E8 /* raytracing_exp */ = {
			isa = PBXNativeTarget;
			buildConfigurationList = CDF5CA1E230CA0C4008952E8 /* Build configuration list for PBXNativeTarget "raytracing_exp" */;
			buildPhases = (
				CDF5C9F2230CA0C2008952E8 /* Sources */,
				CDF5C9F3230CA0C2008952E8 /* Frameworks */,
				CDF5C9F4230CA0C2008952E8 /* Resources */,
			);
			buildRules = (
			);
			dependencies = (
			);
			name = raytracing_exp;
			productName = raytracing_exp;
			productReference = CDF5C9F6230CA0C2008952E8 /* raytracing_exp.app */;
			productType = "com.apple.product-type.application";
		};
		CDF5CA09230CA0C4008952E8 /* raytracing_expTests */ = {
			isa = PBXNativeTarget;
			buildConfigurationList = CDF5CA21230CA0C4008952E8 /* Build configuration list for PBXNativeTarget "raytracing_expTests" */;
			buildPhases = (
				CDF5CA06230CA0C4008952E8 /* Sources */,
				CDF5CA07230CA0C4008952E8 /* Frameworks */,
				CDF5CA08230CA0C4008952E8 /* Resources */,
			);
			buildRules = (
			);
			dependencies = (
				CDF5CA0C230CA0C4008952E8 /* PBXTargetDependency */,
			);
			name = raytracing_expTests;
			productName = raytracing_expTests;
			productReference = CDF5CA0A230CA0C4008952E8 /* raytracing_expTests.xctest */;
			productType = "com.apple.product-type.bundle.unit-test";
		};
		CDF5CA14230CA0C4008952E8 /* raytracing_expUITests */ = {
			isa = PBXNativeTarget;
			buildConfigurationList = CDF5CA24230CA0C4008952E8 /* Build configuration list for PBXNativeTarget "raytracing_expUITests" */;
			buildPhases = (
				CDF5CA11230CA0C4008952E8 /* Sources */,
				CDF5CA12230CA0C4008952E8 /* Frameworks */,
				CDF5CA13230CA0C4008952E8 /* Resources */,
			);
			buildRules = (
			);
			dependencies = (
				CDF5CA17230CA0C4008952E8 /* PBXTargetDependency */,
			);
			name = raytracing_expUITests;
			productName = raytracing_expUITests;
			productReference = CDF5CA15230CA0C4008952E8 /* raytracing_expUITests.xctest */;
			productType = "com.apple.product-type.bundle.ui-testing";
		};
/* End PBXNativeTarget section */

/* Begin PBXProject section */
		CDF5C9EE230CA0C2008952E8 /* Project object */ = {
			isa = PBXProject;
			attributes = {
				LastSwiftUpdateCheck = 1030;
				LastUpgradeCheck = 1030;
				ORGANIZATIONNAME = "Antonie Jovanoski";
				TargetAttributes = {
					CDF5C9F5230CA0C2008952E8 = {
						CreatedOnToolsVersion = 10.3;
					};
					CDF5CA09230CA0C4008952E8 = {
						CreatedOnToolsVersion = 10.3;
						TestTargetID = CDF5C9F5230CA0C2008952E8;
					};
					CDF5CA14230CA0C4008952E8 = {
						CreatedOnToolsVersion = 10.3;
						TestTargetID = CDF5C9F5230CA0C2008952E8;
					};
				};
			};
			buildConfigurationList = CDF5C9F1230CA0C2008952E8 /* Build configuration list for PBXProject "raytracing_exp" */;
			compatibilityVersion = "Xcode 9.3";
			developmentRegion = en;
			hasScannedForEncodings = 0;
			knownRegions = (
				en,
				Base,
			);
			mainGroup = CDF5C9ED230CA0C2008952E8;
			productRefGroup = CDF5C9F7230CA0C2008952E8 /* Products */;
			projectDirPath = "";
			projectRoot = "";
			targets = (
				CDF5C9F5230CA0C2008952E8 /* raytracing_exp */,
				CDF5CA09230CA0C4008952E8 /* raytracing_expTests */,
				CDF5CA14230CA0C4008952E8 /* raytracing_expUITests */,
			);
		};
/* End PBXProject section */

/* Begin PBXResourcesBuildPhase section */
		CDF5C9F4230CA0C2008952E8 /* Resources */ = {
			isa = PBXResourcesBuildPhase;
			buildActionMask = 2147483647;
			files = (
				CDF5CA04230CA0C4008952E8 /* LaunchScreen.storyboard in Resources */,
				CDF5CA01230CA0C4008952E8 /* Assets.xcassets in Resources */,
				CDF5C9FF230CA0C2008952E8 /* Main.storyboard in Resources */,
			);
			runOnlyForDeploymentPostprocessing = 0;
		};
		CDF5CA08230CA0C4008952E8 /* Resources */ = {
			isa = PBXResourcesBuildPhase;
			buildActionMask = 2147483647;
			files = (
			);
			runOnlyForDeploymentPostprocessing = 0;
		};
		CDF5CA13230CA0C4008952E8 /* Resources */ = {
			isa = PBXResourcesBuildPhase;
			buildActionMask = 2147483647;
			files = (
			);
			runOnlyForDeploymentPostprocessing = 0;
		};
/* End PBXResourcesBuildPhase section */

/* Begin PBXSourcesBuildPhase section */
		CDF5C9F2230CA0C2008952E8 /* Sources */ = {
			isa = PBXSourcesBuildPhase;
			buildActionMask = 2147483647;
			files = (
				CD743DF22331962E00A20B23 /* Hitlist.swift in Sources */,
				CD743DEE2331924400A20B23 /* Hitable.swift in Sources */,
				CD028040230DFFE000860E58 /* Ray.swift in Sources */,
				CD743DF02331931900A20B23 /* Sphere.swift in Sources */,
				CDF5CA28230CA39B008952E8 /* PixelData.swift in Sources */,
				CDF5C9FC230CA0C2008952E8 /* ViewController.swift in Sources */,
				CDF5C9FA230CA0C2008952E8 /* AppDelegate.swift in Sources */,
			);
			runOnlyForDeploymentPostprocessing = 0;
		};
		CDF5CA06230CA0C4008952E8 /* Sources */ = {
			isa = PBXSourcesBuildPhase;
			buildActionMask = 2147483647;
			files = (
				CDF5CA0F230CA0C4008952E8 /* raytracing_expTests.swift in Sources */,
			);
			runOnlyForDeploymentPostprocessing = 0;
		};
		CDF5CA11230CA0C4008952E8 /* Sources */ = {
			isa = PBXSourcesBuildPhase;
			buildActionMask = 2147483647;
			files = (
				CDF5CA1A230CA0C4008952E8 /* raytracing_expUITests.swift in Sources */,
			);
			runOnlyForDeploymentPostprocessing = 0;
		};
/* End PBXSourcesBuildPhase section */

/* Begin PBXTargetDependency section */
		CDF5CA0C230CA0C4008952E8 /* PBXTargetDependency */ = {
			isa = PBXTargetDependency;
			target = CDF5C9F5230CA0C2008952E8 /* raytracing_exp */;
			targetProxy = CDF5CA0B230CA0C4008952E8 /* PBXContainerItemProxy */;
		};
		CDF5CA17230CA0C4008952E8 /* PBXTargetDependency */ = {
			isa = PBXTargetDependency;
			target = CDF5C9F5230CA0C2008952E8 /* raytracing_exp */;
			targetProxy = CDF5CA16230CA0C4008952E8 /* PBXContainerItemProxy */;
		};
/* End PBXTargetDependency section */

/* Begin PBXVariantGroup section */
		CDF5C9FD230CA0C2008952E8 /* Main.storyboard */ = {
			isa = PBXVariantGroup;
			children = (
				CDF5C9FE230CA0C2008952E8 /* Base */,
			);
			name = Main.storyboard;
			sourceTree = "<group>";
		};
		CDF5CA02230CA0C4008952E8 /* LaunchScreen.storyboard */ = {
			isa = PBXVariantGroup;
			children = (
				CDF5CA03230CA0C4008952E8 /* Base */,
			);
			name = LaunchScreen.storyboard;
			sourceTree = "<group>";
		};
/* End PBXVariantGroup section */

/* Begin XCBuildConfiguration section */
		CDF5CA1C230CA0C4008952E8 /* Debug */ = {
			isa = XCBuildConfiguration;
			buildSettings = {
				ALWAYS_SEARCH_USER_PATHS = NO;
				CLANG_ANALYZER_NONNULL = YES;
				CLANG_ANALYZER_NUMBER_OBJECT_CONVERSION = YES_AGGRESSIVE;
				CLANG_CXX_LANGUAGE_STANDARD = "gnu++14";
				CLANG_CXX_LIBRARY = "libc++";
				CLANG_ENABLE_MODULES = YES;
				CLANG_ENABLE_OBJC_ARC = YES;
				CLANG_ENABLE_OBJC_WEAK = YES;
				CLANG_WARN_BLOCK_CAPTURE_AUTORELEASING = YES;
				CLANG_WARN_BOOL_CONVERSION = YES;
				CLANG_WARN_COMMA = YES;
				CLANG_WARN_CONSTANT_CONVERSION = YES;
				CLANG_WARN_DEPRECATED_OBJC_IMPLEMENTATIONS = YES;
				CLANG_WARN_DIRECT_OBJC_ISA_USAGE = YES_ERROR;
				CLANG_WARN_DOCUMENTATION_COMMENTS = YES;
				CLANG_WARN_EMPTY_BODY = YES;
				CLANG_WARN_ENUM_CONVERSION = YES;
				CLANG_WARN_INFINITE_RECURSION = YES;
				CLANG_WARN_INT_CONVERSION = YES;
				CLANG_WARN_NON_LITERAL_NULL_CONVERSION = YES;
				CLANG_WARN_OBJC_IMPLICIT_RETAIN_SELF = YES;
				CLANG_WARN_OBJC_LITERAL_CONVERSION = YES;
				CLANG_WARN_OBJC_ROOT_CLASS = YES_ERROR;
				CLANG_WARN_RANGE_LOOP_ANALYSIS = YES;
				CLANG_WARN_STRICT_PROTOTYPES = YES;
				CLANG_WARN_SUSPICIOUS_MOVE = YES;
				CLANG_WARN_UNGUARDED_AVAILABILITY = YES_AGGRESSIVE;
				CLANG_WARN_UNREACHABLE_CODE = YES;
				CLANG_WARN__DUPLICATE_METHOD_MATCH = YES;
				CODE_SIGN_IDENTITY = "iPhone Developer";
				COPY_PHASE_STRIP = NO;
				DEBUG_INFORMATION_FORMAT = dwarf;
				ENABLE_STRICT_OBJC_MSGSEND = YES;
				ENABLE_TESTABILITY = YES;
				GCC_C_LANGUAGE_STANDARD = gnu11;
				GCC_DYNAMIC_NO_PIC = NO;
				GCC_NO_COMMON_BLOCKS = YES;
				GCC_OPTIMIZATION_LEVEL = 0;
				GCC_PREPROCESSOR_DEFINITIONS = (
					"DEBUG=1",
					"$(inherited)",
				);
				GCC_WARN_64_TO_32_BIT_CONVERSION = YES;
				GCC_WARN_ABOUT_RETURN_TYPE = YES_ERROR;
				GCC_WARN_UNDECLARED_SELECTOR = YES;
				GCC_WARN_UNINITIALIZED_AUTOS = YES_AGGRESSIVE;
				GCC_WARN_UNUSED_FUNCTION = YES;
				GCC_WARN_UNUSED_VARIABLE = YES;
				IPHONEOS_DEPLOYMENT_TARGET = 12.4;
				MTL_ENABLE_DEBUG_INFO = INCLUDE_SOURCE;
				MTL_FAST_MATH = YES;
				ONLY_ACTIVE_ARCH = YES;
				SDKROOT = iphoneos;
				SWIFT_ACTIVE_COMPILATION_CONDITIONS = DEBUG;
				SWIFT_OPTIMIZATION_LEVEL = "-Onone";
			};
			name = Debug;
		};
		CDF5CA1D230CA0C4008952E8 /* Release */ = {
			isa = XCBuildConfiguration;
			buildSettings = {
				ALWAYS_SEARCH_USER_PATHS = NO;
				CLANG_ANALYZER_NONNULL = YES;
				CLANG_ANALYZER_NUMBER_OBJECT_CONVERSION = YES_AGGRESSIVE;
				CLANG_CXX_LANGUAGE_STANDARD = "gnu++14";
				CLANG_CXX_LIBRARY = "libc++";
				CLANG_ENABLE_MODULES = YES;
				CLANG_ENABLE_OBJC_ARC = YES;
				CLANG_ENABLE_OBJC_WEAK = YES;
				CLANG_WARN_BLOCK_CAPTURE_AUTORELEASING = YES;
				CLANG_WARN_BOOL_CONVERSION = YES;
				CLANG_WARN_COMMA = YES;
				CLANG_WARN_CONSTANT_CONVERSION = YES;
				CLANG_WARN_DEPRECATED_OBJC_IMPLEMENTATIONS = YES;
				CLANG_WARN_DIRECT_OBJC_ISA_USAGE = YES_ERROR;
				CLANG_WARN_DOCUMENTATION_COMMENTS = YES;
				CLANG_WARN_EMPTY_BODY = YES;
				CLANG_WARN_ENUM_CONVERSION = YES;
				CLANG_WARN_INFINITE_RECURSION = YES;
				CLANG_WARN_INT_CONVERSION = YES;
				CLANG_WARN_NON_LITERAL_NULL_CONVERSION = YES;
				CLANG_WARN_OBJC_IMPLICIT_RETAIN_SELF = YES;
				CLANG_WARN_OBJC_LITERAL_CONVERSION = YES;
				CLANG_WARN_OBJC_ROOT_CLASS = YES_ERROR;
				CLANG_WARN_RANGE_LOOP_ANALYSIS = YES;
				CLANG_WARN_STRICT_PROTOTYPES = YES;
				CLANG_WARN_SUSPICIOUS_MOVE = YES;
				CLANG_WARN_UNGUARDED_AVAILABILITY = YES_AGGRESSIVE;
				CLANG_WARN_UNREACHABLE_CODE = YES;
				CLANG_WARN__DUPLICATE_METHOD_MATCH = YES;
				CODE_SIGN_IDENTITY = "iPhone Developer";
				COPY_PHASE_STRIP = NO;
				DEBUG_INFORMATION_FORMAT = "dwarf-with-dsym";
				ENABLE_NS_ASSERTIONS = NO;
				ENABLE_STRICT_OBJC_MSGSEND = YES;
				GCC_C_LANGUAGE_STANDARD = gnu11;
				GCC_NO_COMMON_BLOCKS = YES;
				GCC_WARN_64_TO_32_BIT_CONVERSION = YES;
				GCC_WARN_ABOUT_RETURN_TYPE = YES_ERROR;
				GCC_WARN_UNDECLARED_SELECTOR = YES;
				GCC_WARN_UNINITIALIZED_AUTOS = YES_AGGRESSIVE;
				GCC_WARN_UNUSED_FUNCTION = YES;
				GCC_WARN_UNUSED_VARIABLE = YES;
				IPHONEOS_DEPLOYMENT_TARGET = 12.4;
				MTL_ENABLE_DEBUG_INFO = NO;
				MTL_FAST_MATH = YES;
				SDKROOT = iphoneos;
				SWIFT_COMPILATION_MODE = wholemodule;
				SWIFT_OPTIMIZATION_LEVEL = "-O";
				VALIDATE_PRODUCT = YES;
			};
			name = Release;
		};
		CDF5CA1F230CA0C4008952E8 /* Debug */ = {
			isa = XCBuildConfiguration;
			buildSettings = {
				ASSETCATALOG_COMPILER_APPICON_NAME = AppIcon;
				CODE_SIGN_STYLE = Automatic;
				DEVELOPMENT_TEAM = 9XA2D6V342;
				INFOPLIST_FILE = raytracing_exp/Info.plist;
				LD_RUNPATH_SEARCH_PATHS = (
					"$(inherited)",
					"@executable_path/Frameworks",
				);
				PRODUCT_BUNDLE_IDENTIFIER = "antonie.jovanoski.raytracing-exp";
				PRODUCT_NAME = "$(TARGET_NAME)";
				SWIFT_VERSION = 5.0;
				TARGETED_DEVICE_FAMILY = "1,2";
			};
			name = Debug;
		};
		CDF5CA20230CA0C4008952E8 /* Release */ = {
			isa = XCBuildConfiguration;
			buildSettings = {
				ASSETCATALOG_COMPILER_APPICON_NAME = AppIcon;
				CODE_SIGN_STYLE = Automatic;
				DEVELOPMENT_TEAM = 9XA2D6V342;
				INFOPLIST_FILE = raytracing_exp/Info.plist;
				LD_RUNPATH_SEARCH_PATHS = (
					"$(inherited)",
					"@executable_path/Frameworks",
				);
				PRODUCT_BUNDLE_IDENTIFIER = "antonie.jovanoski.raytracing-exp";
				PRODUCT_NAME = "$(TARGET_NAME)";
				SWIFT_VERSION = 5.0;
				TARGETED_DEVICE_FAMILY = "1,2";
			};
			name = Release;
		};
		CDF5CA22230CA0C4008952E8 /* Debug */ = {
			isa = XCBuildConfiguration;
			buildSettings = {
				ALWAYS_EMBED_SWIFT_STANDARD_LIBRARIES = YES;
				BUNDLE_LOADER = "$(TEST_HOST)";
				CODE_SIGN_STYLE = Automatic;
				DEVELOPMENT_TEAM = 9XA2D6V342;
				INFOPLIST_FILE = raytracing_expTests/Info.plist;
				LD_RUNPATH_SEARCH_PATHS = (
					"$(inherited)",
					"@executable_path/Frameworks",
					"@loader_path/Frameworks",
				);
				PRODUCT_BUNDLE_IDENTIFIER = "antonie.jovanoski.raytracing-expTests";
				PRODUCT_NAME = "$(TARGET_NAME)";
				SWIFT_VERSION = 5.0;
				TARGETED_DEVICE_FAMILY = "1,2";
				TEST_HOST = "$(BUILT_PRODUCTS_DIR)/raytracing_exp.app/raytracing_exp";
			};
			name = Debug;
		};
		CDF5CA23230CA0C4008952E8 /* Release */ = {
			isa = XCBuildConfiguration;
			buildSettings = {
				ALWAYS_EMBED_SWIFT_STANDARD_LIBRARIES = YES;
				BUNDLE_LOADER = "$(TEST_HOST)";
				CODE_SIGN_STYLE = Automatic;
				DEVELOPMENT_TEAM = 9XA2D6V342;
				INFOPLIST_FILE = raytracing_expTests/Info.plist;
				LD_RUNPATH_SEARCH_PATHS = (
					"$(inherited)",
					"@executable_path/Frameworks",
					"@loader_path/Frameworks",
				);
				PRODUCT_BUNDLE_IDENTIFIER = "antonie.jovanoski.raytracing-expTests";
				PRODUCT_NAME = "$(TARGET_NAME)";
				SWIFT_VERSION = 5.0;
				TARGETED_DEVICE_FAMILY = "1,2";
				TEST_HOST = "$(BUILT_PRODUCTS_DIR)/raytracing_exp.app/raytracing_exp";
			};
			name = Release;
		};
		CDF5CA25230CA0C4008952E8 /* Debug */ = {
			isa = XCBuildConfiguration;
			buildSettings = {
				ALWAYS_EMBED_SWIFT_STANDARD_LIBRARIES = YES;
				CODE_SIGN_STYLE = Automatic;
				DEVELOPMENT_TEAM = 9XA2D6V342;
				INFOPLIST_FILE = raytracing_expUITests/Info.plist;
				LD_RUNPATH_SEARCH_PATHS = (
					"$(inherited)",
					"@executable_path/Frameworks",
					"@loader_path/Frameworks",
				);
				PRODUCT_BUNDLE_IDENTIFIER = "antonie.jovanoski.raytracing-expUITests";
				PRODUCT_NAME = "$(TARGET_NAME)";
				SWIFT_VERSION = 5.0;
				TARGETED_DEVICE_FAMILY = "1,2";
				TEST_TARGET_NAME = raytracing_exp;
			};
			name = Debug;
		};
		CDF5CA26230CA0C4008952E8 /* Release */ = {
			isa = XCBuildConfiguration;
			buildSettings = {
				ALWAYS_EMBED_SWIFT_STANDARD_LIBRARIES = YES;
				CODE_SIGN_STYLE = Automatic;
				DEVELOPMENT_TEAM = 9XA2D6V342;
				INFOPLIST_FILE = raytracing_expUITests/Info.plist;
				LD_RUNPATH_SEARCH_PATHS = (
					"$(inherited)",
					"@executable_path/Frameworks",
					"@loader_path/Frameworks",
				);
				PRODUCT_BUNDLE_IDENTIFIER = "antonie.jovanoski.raytracing-expUITests";
				PRODUCT_NAME = "$(TARGET_NAME)";
				SWIFT_VERSION = 5.0;
				TARGETED_DEVICE_FAMILY = "1,2";
				TEST_TARGET_NAME = raytracing_exp;
			};
			name = Release;
		};
/* End XCBuildConfiguration section */

/* Begin XCConfigurationList section */
		CDF5C9F1230CA0C2008952E8 /* Build configuration list for PBXProject "raytracing_exp" */ = {
			isa = XCConfigurationList;
			buildConfigurations = (
				CDF5CA1C230CA0C4008952E8 /* Debug */,
				CDF5CA1D230CA0C4008952E8 /* Release */,
			);
			defaultConfigurationIsVisible = 0;
			defaultConfigurationName = Release;
		};
		CDF5CA1E230CA0C4008952E8 /* Build configuration list for PBXNativeTarget "raytracing_exp" */ = {
			isa = XCConfigurationList;
			buildConfigurations = (
				CDF5CA1F230CA0C4008952E8 /* Debug */,
				CDF5CA20230CA0C4008952E8 /* Release */,
			);
			defaultConfigurationIsVisible = 0;
			defaultConfigurationName = Release;
		};
		CDF5CA21230CA0C4008952E8 /* Build configuration list for PBXNativeTarget "raytracing_expTests" */ = {
			isa = XCConfigurationList;
			buildConfigurations = (
				CDF5CA22230CA0C4008952E8 /* Debug */,
				CDF5CA23230CA0C4008952E8 /* Release */,
			);
			defaultConfigurationIsVisible = 0;
			defaultConfigurationName = Release;
		};
		CDF5CA24230CA0C4008952E8 /* Build configuration list for PBXNativeTarget "raytracing_expUITests" */ = {
			isa = XCConfigurationList;
			buildConfigurations = (
				CDF5CA25230CA0C4008952E8 /* Debug */,
				CDF5CA26230CA0C4008952E8 /* Release */,
			);
			defaultConfigurationIsVisible = 0;
			defaultConfigurationName = Release;
		};
/* End XCConfigurationList section */
	};
	rootObject = CDF5C9EE230CA0C2008952E8 /* Project object */;
}
